{
  "nodes": {
    "nixpkgs": {
      "locked": {
        "lastModified": 1742493529,
        "narHash": "sha256-VJ9BZ52tjJSicVvPD5fJZuM3JmcGt9DQIJTVPLRGL58=",
        "owner": "NixOS",
        "repo": "nixpkgs",
        "rev": "750fef2a6310c764911e49a04c88d7c3c6d88585",
        "type": "github"
      },
      "original": {
        "owner": "NixOS",
        "repo": "nixpkgs",
        "type": "github"
      }
    },
    "root": {
      "inputs": {
        "nixpkgs": "nixpkgs"
      }
    }
  },
  "root": "root",
  "version": 7
}
